
Microsoft Visual Studio Solution File, Format Version 12.00
# Visual Studio 15
VisualStudioVersion = 15.0.26730.16
MinimumVisualStudioVersion = 10.0.40219.1
Project("{FAE04EC0-301F-11D3-BF4B-00C04F79EFBC}") = "DataScienceStudio", "Parquet.Windows.Universal\DataScienceStudio.csproj", "{CF4F17E5-97B2-43CC-9F64-0583D9792389}"
EndProject
Project("{2150E333-8FDC-42A3-9474-1A3956D46DE8}") = "Solution Items", "Solution Items", "{B04F7F8E-A081-4A49-94ED-F9460F047FF9}"
	ProjectSection(SolutionItems) = preProject
		..\.editorconfig = ..\.editorconfig
		nuget.config = nuget.config
	EndProjectSection
EndProject
Project("{2150E333-8FDC-42A3-9474-1A3956D46DE8}") = "doc", "doc", "{2DCCF1FB-979C-416C-8233-1EFACE21B3FF}"
	ProjectSection(SolutionItems) = preProject
		..\README.md = ..\README.md
	EndProjectSection
EndProject
Global
	GlobalSection(SolutionConfigurationPlatforms) = preSolution
		Debug|ARM = Debug|ARM
		Debug|x64 = Debug|x64
		Debug|x86 = Debug|x86
		Release|ARM = Release|ARM
		Release|x64 = Release|x64
		Release|x86 = Release|x86
	EndGlobalSection
	GlobalSection(ProjectConfigurationPlatforms) = postSolution
		{CF4F17E5-97B2-43CC-9F64-0583D9792389}.Debug|ARM.ActiveCfg = Debug|ARM
		{CF4F17E5-97B2-43CC-9F64-0583D9792389}.Debug|ARM.Build.0 = Debug|ARM
		{CF4F17E5-97B2-43CC-9F64-0583D9792389}.Debug|ARM.Deploy.0 = Debug|ARM
		{CF4F17E5-97B2-43CC-9F64-0583D9792389}.Debug|x64.ActiveCfg = Debug|x64
		{CF4F17E5-97B2-43CC-9F64-0583D9792389}.Debug|x64.Build.0 = Debug|x64
		{CF4F17E5-97B2-43CC-9F64-0583D9792389}.Debug|x64.Deploy.0 = Debug|x64
		{CF4F17E5-97B2-43CC-9F64-0583D9792389}.Debug|x86.ActiveCfg = Debug|x86
		{CF4F17E5-97B2-43CC-9F64-0583D9792389}.Debug|x86.Build.0 = Debug|x86
		{CF4F17E5-97B2-43CC-9F64-0583D9792389}.Debug|x86.Deploy.0 = Debug|x86
		{CF4F17E5-97B2-43CC-9F64-0583D9792389}.Release|ARM.ActiveCfg = Release|ARM
		{CF4F17E5-97B2-43CC-9F64-0583D9792389}.Release|ARM.Build.0 = Release|ARM
		{CF4F17E5-97B2-43CC-9F64-0583D9792389}.Release|ARM.Deploy.0 = Release|ARM
		{CF4F17E5-97B2-43CC-9F64-0583D9792389}.Release|x64.ActiveCfg = Release|x64
		{CF4F17E5-97B2-43CC-9F64-0583D9792389}.Release|x64.Build.0 = Release|x64
		{CF4F17E5-97B2-43CC-9F64-0583D9792389}.Release|x64.Deploy.0 = Release|x64
		{CF4F17E5-97B2-43CC-9F64-0583D9792389}.Release|x86.ActiveCfg = Release|x86
		{CF4F17E5-97B2-43CC-9F64-0583D9792389}.Release|x86.Build.0 = Release|x86
		{CF4F17E5-97B2-43CC-9F64-0583D9792389}.Release|x86.Deploy.0 = Release|x86
	EndGlobalSection
	GlobalSection(SolutionProperties) = preSolution
		HideSolutionNode = FALSE
	EndGlobalSection
	GlobalSection(NestedProjects) = preSolution
		{2DCCF1FB-979C-416C-8233-1EFACE21B3FF} = {B04F7F8E-A081-4A49-94ED-F9460F047FF9}
	EndGlobalSection
	GlobalSection(ExtensibilityGlobals) = postSolution
		SolutionGuid = {44D96F92-EE8D-4E98-9F98-9151D15F0542}
	EndGlobalSection
EndGlobal
